
Microsoft Visual Studio Solution File, Format Version 12.00
# Visual Studio Version 17
VisualStudioVersion = 17.0.31903.59
MinimumVisualStudioVersion = 10.0.40219.1
Project("{2150E333-8FDC-42A3-9474-1A3956D46DE8}") = "src", "src", "{827E0CD3-B72D-47B6-A68D-7590B98EB39B}"
EndProject
Project("{FAE04EC0-301F-11D3-BF4B-00C04F79EFBC}") = "Webling.Jobs", "src\Webling.Jobs\Webling.Jobs.csproj", "{F03089EC-0CCF-48C0-A79A-8C04B2C9588D}"
EndProject
Project("{2150E333-8FDC-42A3-9474-1A3956D46DE8}") = "tests", "tests", "{0AB3BF05-4346-4AA6-1389-037BE0695223}"
EndProject
Project("{FAE04EC0-301F-11D3-BF4B-00C04F79EFBC}") = "Webling.Jobs.Tests", "tests\Webling.Jobs.Tests\Webling.Jobs.Tests.csproj", "{349580D9-A764-4FDC-9B38-7B0F23AC4E35}"
EndProject
Project("{FAE04EC0-301F-11D3-BF4B-00C04F79EFBC}") = "Webling.AspNetCore", "src\Webling.AspNetCore\Webling.AspNetCore.csproj", "{19621121-DD7E-45DE-8A19-AA28151C2C21}"
EndProject
Project("{FAE04EC0-301F-11D3-BF4B-00C04F79EFBC}") = "Webling.AspNetCore.Tests", "tests\Webling.AspNetCore.Tests\Webling.AspNetCore.Tests.csproj", "{7A7D64F2-3685-43CA-BC6A-9E5EEA16FF56}"
EndProject
Project("{FAE04EC0-301F-11D3-BF4B-00C04F79EFBC}") = "Webling.Cloudflare", "src\Webling.Cloudflare\Webling.Cloudflare.csproj", "{4144394D-D42E-4415-9EC8-22974A59399E}"
EndProject
Project("{FAE04EC0-301F-11D3-BF4B-00C04F79EFBC}") = "Webling.Cloudflare.Tests", "tests\Webling.Cloudflare.Tests\Webling.Cloudflare.Tests.csproj", "{55BC0C5D-8305-4228-B268-7CC0D4308DD8}"
EndProject
Project("{FAE04EC0-301F-11D3-BF4B-00C04F79EFBC}") = "Webling.Aspire", "src\Webling.Aspire\Webling.Aspire.csproj", "{82468C62-6DD9-4C58-AE82-9861E2D4369E}"
EndProject
Project("{FAE04EC0-301F-11D3-BF4B-00C04F79EFBC}") = "Webling.Aspire.Tests", "tests\Webling.Aspire.Tests\Webling.Aspire.Tests.csproj", "{875E5289-C5DC-480B-AD9B-A4934264664E}"
EndProject
Project("{FAE04EC0-301F-11D3-BF4B-00C04F79EFBC}") = "Webling.Images", "src\Webling.Images\Webling.Images.csproj", "{E9B4F08A-A10C-4479-90E0-CADFD14D9973}"
EndProject
Project("{FAE04EC0-301F-11D3-BF4B-00C04F79EFBC}") = "Webling.Images.Tests", "tests\Webling.Images.Tests\Webling.Images.Tests.csproj", "{CCAB953C-62F8-4337-86F4-C07533F64DAA}"
EndProject
Project("{FAE04EC0-301F-11D3-BF4B-00C04F79EFBC}") = "Webling.Tailwind", "src\Webling.Tailwind\Webling.Tailwind.csproj", "{462D0E0D-2D24-4554-876B-5EC7F6D27A73}"
EndProject
Global
	GlobalSection(SolutionConfigurationPlatforms) = preSolution
		Debug|Any CPU = Debug|Any CPU
		Debug|x64 = Debug|x64
		Debug|x86 = Debug|x86
		Release|Any CPU = Release|Any CPU
		Release|x64 = Release|x64
		Release|x86 = Release|x86
	EndGlobalSection
	GlobalSection(ProjectConfigurationPlatforms) = postSolution
		{F03089EC-0CCF-48C0-A79A-8C04B2C9588D}.Debug|Any CPU.ActiveCfg = Debug|Any CPU
		{F03089EC-0CCF-48C0-A79A-8C04B2C9588D}.Debug|Any CPU.Build.0 = Debug|Any CPU
		{F03089EC-0CCF-48C0-A79A-8C04B2C9588D}.Debug|x64.ActiveCfg = Debug|Any CPU
		{F03089EC-0CCF-48C0-A79A-8C04B2C9588D}.Debug|x64.Build.0 = Debug|Any CPU
		{F03089EC-0CCF-48C0-A79A-8C04B2C9588D}.Debug|x86.ActiveCfg = Debug|Any CPU
		{F03089EC-0CCF-48C0-A79A-8C04B2C9588D}.Debug|x86.Build.0 = Debug|Any CPU
		{F03089EC-0CCF-48C0-A79A-8C04B2C9588D}.Release|Any CPU.ActiveCfg = Release|Any CPU
		{F03089EC-0CCF-48C0-A79A-8C04B2C9588D}.Release|Any CPU.Build.0 = Release|Any CPU
		{F03089EC-0CCF-48C0-A79A-8C04B2C9588D}.Release|x64.ActiveCfg = Release|Any CPU
		{F03089EC-0CCF-48C0-A79A-8C04B2C9588D}.Release|x64.Build.0 = Release|Any CPU
		{F03089EC-0CCF-48C0-A79A-8C04B2C9588D}.Release|x86.ActiveCfg = Release|Any CPU
		{F03089EC-0CCF-48C0-A79A-8C04B2C9588D}.Release|x86.Build.0 = Release|Any CPU
		{349580D9-A764-4FDC-9B38-7B0F23AC4E35}.Debug|Any CPU.ActiveCfg = Debug|Any CPU
		{349580D9-A764-4FDC-9B38-7B0F23AC4E35}.Debug|Any CPU.Build.0 = Debug|Any CPU
		{349580D9-A764-4FDC-9B38-7B0F23AC4E35}.Debug|x64.ActiveCfg = Debug|Any CPU
		{349580D9-A764-4FDC-9B38-7B0F23AC4E35}.Debug|x64.Build.0 = Debug|Any CPU
		{349580D9-A764-4FDC-9B38-7B0F23AC4E35}.Debug|x86.ActiveCfg = Debug|Any CPU
		{349580D9-A764-4FDC-9B38-7B0F23AC4E35}.Debug|x86.Build.0 = Debug|Any CPU
		{349580D9-A764-4FDC-9B38-7B0F23AC4E35}.Release|Any CPU.ActiveCfg = Release|Any CPU
		{349580D9-A764-4FDC-9B38-7B0F23AC4E35}.Release|Any CPU.Build.0 = Release|Any CPU
		{349580D9-A764-4FDC-9B38-7B0F23AC4E35}.Release|x64.ActiveCfg = Release|Any CPU
		{349580D9-A764-4FDC-9B38-7B0F23AC4E35}.Release|x64.Build.0 = Release|Any CPU
		{349580D9-A764-4FDC-9B38-7B0F23AC4E35}.Release|x86.ActiveCfg = Release|Any CPU
		{349580D9-A764-4FDC-9B38-7B0F23AC4E35}.Release|x86.Build.0 = Release|Any CPU
		{19621121-DD7E-45DE-8A19-AA28151C2C21}.Debug|Any CPU.ActiveCfg = Debug|Any CPU
		{19621121-DD7E-45DE-8A19-AA28151C2C21}.Debug|Any CPU.Build.0 = Debug|Any CPU
		{19621121-DD7E-45DE-8A19-AA28151C2C21}.Debug|x64.ActiveCfg = Debug|Any CPU
		{19621121-DD7E-45DE-8A19-AA28151C2C21}.Debug|x64.Build.0 = Debug|Any CPU
		{19621121-DD7E-45DE-8A19-AA28151C2C21}.Debug|x86.ActiveCfg = Debug|Any CPU
		{19621121-DD7E-45DE-8A19-AA28151C2C21}.Debug|x86.Build.0 = Debug|Any CPU
		{19621121-DD7E-45DE-8A19-AA28151C2C21}.Release|Any CPU.ActiveCfg = Release|Any CPU
		{19621121-DD7E-45DE-8A19-AA28151C2C21}.Release|Any CPU.Build.0 = Release|Any CPU
		{19621121-DD7E-45DE-8A19-AA28151C2C21}.Release|x64.ActiveCfg = Release|Any CPU
		{19621121-DD7E-45DE-8A19-AA28151C2C21}.Release|x64.Build.0 = Release|Any CPU
		{19621121-DD7E-45DE-8A19-AA28151C2C21}.Release|x86.ActiveCfg = Release|Any CPU
		{19621121-DD7E-45DE-8A19-AA28151C2C21}.Release|x86.Build.0 = Release|Any CPU
		{7A7D64F2-3685-43CA-BC6A-9E5EEA16FF56}.Debug|Any CPU.ActiveCfg = Debug|Any CPU
		{7A7D64F2-3685-43CA-BC6A-9E5EEA16FF56}.Debug|Any CPU.Build.0 = Debug|Any CPU
		{7A7D64F2-3685-43CA-BC6A-9E5EEA16FF56}.Debug|x64.ActiveCfg = Debug|Any CPU
		{7A7D64F2-3685-43CA-BC6A-9E5EEA16FF56}.Debug|x64.Build.0 = Debug|Any CPU
		{7A7D64F2-3685-43CA-BC6A-9E5EEA16FF56}.Debug|x86.ActiveCfg = Debug|Any CPU
		{7A7D64F2-3685-43CA-BC6A-9E5EEA16FF56}.Debug|x86.Build.0 = Debug|Any CPU
		{7A7D64F2-3685-43CA-BC6A-9E5EEA16FF56}.Release|Any CPU.ActiveCfg = Release|Any CPU
		{7A7D64F2-3685-43CA-BC6A-9E5EEA16FF56}.Release|Any CPU.Build.0 = Release|Any CPU
		{7A7D64F2-3685-43CA-BC6A-9E5EEA16FF56}.Release|x64.ActiveCfg = Release|Any CPU
		{7A7D64F2-3685-43CA-BC6A-9E5EEA16FF56}.Release|x64.Build.0 = Release|Any CPU
		{7A7D64F2-3685-43CA-BC6A-9E5EEA16FF56}.Release|x86.ActiveCfg = Release|Any CPU
		{7A7D64F2-3685-43CA-BC6A-9E5EEA16FF56}.Release|x86.Build.0 = Release|Any CPU
		{4144394D-D42E-4415-9EC8-22974A59399E}.Debug|Any CPU.ActiveCfg = Debug|Any CPU
		{4144394D-D42E-4415-9EC8-22974A59399E}.Debug|Any CPU.Build.0 = Debug|Any CPU
		{4144394D-D42E-4415-9EC8-22974A59399E}.Debug|x64.ActiveCfg = Debug|Any CPU
		{4144394D-D42E-4415-9EC8-22974A59399E}.Debug|x64.Build.0 = Debug|Any CPU
		{4144394D-D42E-4415-9EC8-22974A59399E}.Debug|x86.ActiveCfg = Debug|Any CPU
		{4144394D-D42E-4415-9EC8-22974A59399E}.Debug|x86.Build.0 = Debug|Any CPU
		{4144394D-D42E-4415-9EC8-22974A59399E}.Release|Any CPU.ActiveCfg = Release|Any CPU
		{4144394D-D42E-4415-9EC8-22974A59399E}.Release|Any CPU.Build.0 = Release|Any CPU
		{4144394D-D42E-4415-9EC8-22974A59399E}.Release|x64.ActiveCfg = Release|Any CPU
		{4144394D-D42E-4415-9EC8-22974A59399E}.Release|x64.Build.0 = Release|Any CPU
		{4144394D-D42E-4415-9EC8-22974A59399E}.Release|x86.ActiveCfg = Release|Any CPU
		{4144394D-D42E-4415-9EC8-22974A59399E}.Release|x86.Build.0 = Release|Any CPU
		{55BC0C5D-8305-4228-B268-7CC0D4308DD8}.Debug|Any CPU.ActiveCfg = Debug|Any CPU
		{55BC0C5D-8305-4228-B268-7CC0D4308DD8}.Debug|Any CPU.Build.0 = Debug|Any CPU
		{55BC0C5D-8305-4228-B268-7CC0D4308DD8}.Debug|x64.ActiveCfg = Debug|Any CPU
		{55BC0C5D-8305-4228-B268-7CC0D4308DD8}.Debug|x64.Build.0 = Debug|Any CPU
		{55BC0C5D-8305-4228-B268-7CC0D4308DD8}.Debug|x86.ActiveCfg = Debug|Any CPU
		{55BC0C5D-8305-4228-B268-7CC0D4308DD8}.Debug|x86.Build.0 = Debug|Any CPU
		{55BC0C5D-8305-4228-B268-7CC0D4308DD8}.Release|Any CPU.ActiveCfg = Release|Any CPU
		{55BC0C5D-8305-4228-B268-7CC0D4308DD8}.Release|Any CPU.Build.0 = Release|Any CPU
		{55BC0C5D-8305-4228-B268-7CC0D4308DD8}.Release|x64.ActiveCfg = Release|Any CPU
		{55BC0C5D-8305-4228-B268-7CC0D4308DD8}.Release|x64.Build.0 = Release|Any CPU
		{55BC0C5D-8305-4228-B268-7CC0D4308DD8}.Release|x86.ActiveCfg = Release|Any CPU
		{55BC0C5D-8305-4228-B268-7CC0D4308DD8}.Release|x86.Build.0 = Release|Any CPU
		{82468C62-6DD9-4C58-AE82-9861E2D4369E}.Debug|Any CPU.ActiveCfg = Debug|Any CPU
		{82468C62-6DD9-4C58-AE82-9861E2D4369E}.Debug|Any CPU.Build.0 = Debug|Any CPU
		{82468C62-6DD9-4C58-AE82-9861E2D4369E}.Debug|x64.ActiveCfg = Debug|Any CPU
		{82468C62-6DD9-4C58-AE82-9861E2D4369E}.Debug|x64.Build.0 = Debug|Any CPU
		{82468C62-6DD9-4C58-AE82-9861E2D4369E}.Debug|x86.ActiveCfg = Debug|Any CPU
		{82468C62-6DD9-4C58-AE82-9861E2D4369E}.Debug|x86.Build.0 = Debug|Any CPU
		{82468C62-6DD9-4C58-AE82-9861E2D4369E}.Release|Any CPU.ActiveCfg = Release|Any CPU
		{82468C62-6DD9-4C58-AE82-9861E2D4369E}.Release|Any CPU.Build.0 = Release|Any CPU
		{82468C62-6DD9-4C58-AE82-9861E2D4369E}.Release|x64.ActiveCfg = Release|Any CPU
		{82468C62-6DD9-4C58-AE82-9861E2D4369E}.Release|x64.Build.0 = Release|Any CPU
		{82468C62-6DD9-4C58-AE82-9861E2D4369E}.Release|x86.ActiveCfg = Release|Any CPU
		{82468C62-6DD9-4C58-AE82-9861E2D4369E}.Release|x86.Build.0 = Release|Any CPU
		{875E5289-C5DC-480B-AD9B-A4934264664E}.Debug|Any CPU.ActiveCfg = Debug|Any CPU
		{875E5289-C5DC-480B-AD9B-A4934264664E}.Debug|Any CPU.Build.0 = Debug|Any CPU
		{875E5289-C5DC-480B-AD9B-A4934264664E}.Debug|x64.ActiveCfg = Debug|Any CPU
		{875E5289-C5DC-480B-AD9B-A4934264664E}.Debug|x64.Build.0 = Debug|Any CPU
		{875E5289-C5DC-480B-AD9B-A4934264664E}.Debug|x86.ActiveCfg = Debug|Any CPU
		{875E5289-C5DC-480B-AD9B-A4934264664E}.Debug|x86.Build.0 = Debug|Any CPU
		{875E5289-C5DC-480B-AD9B-A4934264664E}.Release|Any CPU.ActiveCfg = Release|Any CPU
		{875E5289-C5DC-480B-AD9B-A4934264664E}.Release|Any CPU.Build.0 = Release|Any CPU
		{875E5289-C5DC-480B-AD9B-A4934264664E}.Release|x64.ActiveCfg = Release|Any CPU
		{875E5289-C5DC-480B-AD9B-A4934264664E}.Release|x64.Build.0 = Release|Any CPU
		{875E5289-C5DC-480B-AD9B-A4934264664E}.Release|x86.ActiveCfg = Release|Any CPU
		{875E5289-C5DC-480B-AD9B-A4934264664E}.Release|x86.Build.0 = Release|Any CPU
		{E9B4F08A-A10C-4479-90E0-CADFD14D9973}.Debug|Any CPU.ActiveCfg = Debug|Any CPU
		{E9B4F08A-A10C-4479-90E0-CADFD14D9973}.Debug|Any CPU.Build.0 = Debug|Any CPU
		{E9B4F08A-A10C-4479-90E0-CADFD14D9973}.Debug|x64.ActiveCfg = Debug|Any CPU
		{E9B4F08A-A10C-4479-90E0-CADFD14D9973}.Debug|x64.Build.0 = Debug|Any CPU
		{E9B4F08A-A10C-4479-90E0-CADFD14D9973}.Debug|x86.ActiveCfg = Debug|Any CPU
		{E9B4F08A-A10C-4479-90E0-CADFD14D9973}.Debug|x86.Build.0 = Debug|Any CPU
		{E9B4F08A-A10C-4479-90E0-CADFD14D9973}.Release|Any CPU.ActiveCfg = Release|Any CPU
		{E9B4F08A-A10C-4479-90E0-CADFD14D9973}.Release|Any CPU.Build.0 = Release|Any CPU
		{E9B4F08A-A10C-4479-90E0-CADFD14D9973}.Release|x64.ActiveCfg = Release|Any CPU
		{E9B4F08A-A10C-4479-90E0-CADFD14D9973}.Release|x64.Build.0 = Release|Any CPU
		{E9B4F08A-A10C-4479-90E0-CADFD14D9973}.Release|x86.ActiveCfg = Release|Any CPU
		{E9B4F08A-A10C-4479-90E0-CADFD14D9973}.Release|x86.Build.0 = Release|Any CPU
		{CCAB953C-62F8-4337-86F4-C07533F64DAA}.Debug|Any CPU.ActiveCfg = Debug|Any CPU
		{CCAB953C-62F8-4337-86F4-C07533F64DAA}.Debug|Any CPU.Build.0 = Debug|Any CPU
		{CCAB953C-62F8-4337-86F4-C07533F64DAA}.Debug|x64.ActiveCfg = Debug|Any CPU
		{CCAB953C-62F8-4337-86F4-C07533F64DAA}.Debug|x64.Build.0 = Debug|Any CPU
		{CCAB953C-62F8-4337-86F4-C07533F64DAA}.Debug|x86.ActiveCfg = Debug|Any CPU
		{CCAB953C-62F8-4337-86F4-C07533F64DAA}.Debug|x86.Build.0 = Debug|Any CPU
		{CCAB953C-62F8-4337-86F4-C07533F64DAA}.Release|Any CPU.ActiveCfg = Release|Any CPU
		{CCAB953C-62F8-4337-86F4-C07533F64DAA}.Release|Any CPU.Build.0 = Release|Any CPU
		{CCAB953C-62F8-4337-86F4-C07533F64DAA}.Release|x64.ActiveCfg = Release|Any CPU
		{CCAB953C-62F8-4337-86F4-C07533F64DAA}.Release|x64.Build.0 = Release|Any CPU
		{CCAB953C-62F8-4337-86F4-C07533F64DAA}.Release|x86.ActiveCfg = Release|Any CPU
		{CCAB953C-62F8-4337-86F4-C07533F64DAA}.Release|x86.Build.0 = Release|Any CPU
		{462D0E0D-2D24-4554-876B-5EC7F6D27A73}.Debug|Any CPU.ActiveCfg = Debug|Any CPU
		{462D0E0D-2D24-4554-876B-5EC7F6D27A73}.Debug|Any CPU.Build.0 = Debug|Any CPU
		{462D0E0D-2D24-4554-876B-5EC7F6D27A73}.Debug|x64.ActiveCfg = Debug|Any CPU
		{462D0E0D-2D24-4554-876B-5EC7F6D27A73}.Debug|x64.Build.0 = Debug|Any CPU
		{462D0E0D-2D24-4554-876B-5EC7F6D27A73}.Debug|x86.ActiveCfg = Debug|Any CPU
		{462D0E0D-2D24-4554-876B-5EC7F6D27A73}.Debug|x86.Build.0 = Debug|Any CPU
		{462D0E0D-2D24-4554-876B-5EC7F6D27A73}.Release|Any CPU.ActiveCfg = Release|Any CPU
		{462D0E0D-2D24-4554-876B-5EC7F6D27A73}.Release|Any CPU.Build.0 = Release|Any CPU
		{462D0E0D-2D24-4554-876B-5EC7F6D27A73}.Release|x64.ActiveCfg = Release|Any CPU
		{462D0E0D-2D24-4554-876B-5EC7F6D27A73}.Release|x64.Build.0 = Release|Any CPU
		{462D0E0D-2D24-4554-876B-5EC7F6D27A73}.Release|x86.ActiveCfg = Release|Any CPU
		{462D0E0D-2D24-4554-876B-5EC7F6D27A73}.Release|x86.Build.0 = Release|Any CPU
	EndGlobalSection
	GlobalSection(SolutionProperties) = preSolution
		HideSolutionNode = FALSE
	EndGlobalSection
	GlobalSection(NestedProjects) = preSolution
		{F03089EC-0CCF-48C0-A79A-8C04B2C9588D} = {827E0CD3-B72D-47B6-A68D-7590B98EB39B}
		{349580D9-A764-4FDC-9B38-7B0F23AC4E35} = {0AB3BF05-4346-4AA6-1389-037BE0695223}
		{19621121-DD7E-45DE-8A19-AA28151C2C21} = {827E0CD3-B72D-47B6-A68D-7590B98EB39B}
		{7A7D64F2-3685-43CA-BC6A-9E5EEA16FF56} = {0AB3BF05-4346-4AA6-1389-037BE0695223}
		{4144394D-D42E-4415-9EC8-22974A59399E} = {827E0CD3-B72D-47B6-A68D-7590B98EB39B}
		{55BC0C5D-8305-4228-B268-7CC0D4308DD8} = {0AB3BF05-4346-4AA6-1389-037BE0695223}
		{82468C62-6DD9-4C58-AE82-9861E2D4369E} = {827E0CD3-B72D-47B6-A68D-7590B98EB39B}
		{875E5289-C5DC-480B-AD9B-A4934264664E} = {0AB3BF05-4346-4AA6-1389-037BE0695223}
		{E9B4F08A-A10C-4479-90E0-CADFD14D9973} = {827E0CD3-B72D-47B6-A68D-7590B98EB39B}
		{CCAB953C-62F8-4337-86F4-C07533F64DAA} = {0AB3BF05-4346-4AA6-1389-037BE0695223}
		{462D0E0D-2D24-4554-876B-5EC7F6D27A73} = {827E0CD3-B72D-47B6-A68D-7590B98EB39B}
	EndGlobalSection
EndGlobal
